
Microsoft Visual Studio Solution File, Format Version 12.00
# Visual Studio Version 17
VisualStudioVersion = 17.7.34221.43
MinimumVisualStudioVersion = 10.0.40219.1
Project("{FAE04EC0-301F-11D3-BF4B-00C04F79EFBC}") = "Test", "Test.csproj", "{CFAFAB65-D891-4E34-A59F-AF168D840B9B}"
EndProject
Global
	GlobalSection(SolutionConfigurationPlatforms) = preSolution
		Debug|Any CPU = Debug|Any CPU
		Release|Any CPU = Release|Any CPU
	EndGlobalSection
	GlobalSection(ProjectConfigurationPlatforms) = postSolution
		{CFAFAB65-D891-4E34-A59F-AF168D840B9B}.Debug|Any CPU.ActiveCfg = Debug|Any CPU
		{CFAFAB65-D891-4E34-A59F-AF168D840B9B}.Debug|Any CPU.Build.0 = Debug|Any CPU
		{CFAFAB65-D891-4E34-A59F-AF168D840B9B}.Release|Any CPU.ActiveCfg = Release|Any CPU
		{CFAFAB65-D891-4E34-A59F-AF168D840B9B}.Release|Any CPU.Build.0 = Release|Any CPU
	EndGlobalSection
	GlobalSection(SolutionProperties) = preSolution
		HideSolutionNode = FALSE
	EndGlobalSection
	GlobalSection(ExtensibilityGlobals) = postSolution
		SolutionGuid = {24ACABC9-0C1B-43D5-824C-D4B1DC387EB9}
	EndGlobalSection
EndGlobal
