
Microsoft Visual Studio Solution File, Format Version 12.00
# Visual Studio Version 17
VisualStudioVersion = 17.7.34221.43
MinimumVisualStudioVersion = 10.0.40219.1
Project("{FAE04EC0-301F-11D3-BF4B-00C04F79EFBC}") = "MySqlproject", "MySqlproject.csproj", "{C1C89FC0-9F42-4497-9890-254506E8C5FD}"
EndProject
Global
	GlobalSection(SolutionConfigurationPlatforms) = preSolution
		Debug|Any CPU = Debug|Any CPU
		Release|Any CPU = Release|Any CPU
	EndGlobalSection
	GlobalSection(ProjectConfigurationPlatforms) = postSolution
		{C1C89FC0-9F42-4497-9890-254506E8C5FD}.Debug|Any CPU.ActiveCfg = Debug|Any CPU
		{C1C89FC0-9F42-4497-9890-254506E8C5FD}.Debug|Any CPU.Build.0 = Debug|Any CPU
		{C1C89FC0-9F42-4497-9890-254506E8C5FD}.Release|Any CPU.ActiveCfg = Release|Any CPU
		{C1C89FC0-9F42-4497-9890-254506E8C5FD}.Release|Any CPU.Build.0 = Release|Any CPU
	EndGlobalSection
	GlobalSection(SolutionProperties) = preSolution
		HideSolutionNode = FALSE
	EndGlobalSection
	GlobalSection(ExtensibilityGlobals) = postSolution
		SolutionGuid = {724749A2-0BD2-4841-96A7-1273C42188A1}
	EndGlobalSection
EndGlobal
