
Microsoft Visual Studio Solution File, Format Version 12.00
# Visual Studio Version 17
VisualStudioVersion = 17.7.34221.43
MinimumVisualStudioVersion = 10.0.40219.1
Project("{FAE04EC0-301F-11D3-BF4B-00C04F79EFBC}") = "Win1", "Win1.csproj", "{634B7D8A-0FEF-4297-A847-FC177F848B00}"
EndProject
Global
	GlobalSection(SolutionConfigurationPlatforms) = preSolution
		Debug|Any CPU = Debug|Any CPU
		Release|Any CPU = Release|Any CPU
	EndGlobalSection
	GlobalSection(ProjectConfigurationPlatforms) = postSolution
		{634B7D8A-0FEF-4297-A847-FC177F848B00}.Debug|Any CPU.ActiveCfg = Debug|Any CPU
		{634B7D8A-0FEF-4297-A847-FC177F848B00}.Debug|Any CPU.Build.0 = Debug|Any CPU
		{634B7D8A-0FEF-4297-A847-FC177F848B00}.Release|Any CPU.ActiveCfg = Release|Any CPU
		{634B7D8A-0FEF-4297-A847-FC177F848B00}.Release|Any CPU.Build.0 = Release|Any CPU
	EndGlobalSection
	GlobalSection(SolutionProperties) = preSolution
		HideSolutionNode = FALSE
	EndGlobalSection
	GlobalSection(ExtensibilityGlobals) = postSolution
		SolutionGuid = {385AA553-0A6F-4004-89C5-2A78625A4CD3}
	EndGlobalSection
EndGlobal
