
Microsoft Visual Studio Solution File, Format Version 12.00
# Visual Studio Version 17
VisualStudioVersion = 17.7.34221.43
MinimumVisualStudioVersion = 10.0.40219.1
Project("{FAE04EC0-301F-11D3-BF4B-00C04F79EFBC}") = "Atelier2Ex1", "Atelier2Ex1.csproj", "{AEC60BC8-019E-475F-BC5C-8E3230309996}"
EndProject
Global
	GlobalSection(SolutionConfigurationPlatforms) = preSolution
		Debug|Any CPU = Debug|Any CPU
		Release|Any CPU = Release|Any CPU
	EndGlobalSection
	GlobalSection(ProjectConfigurationPlatforms) = postSolution
		{AEC60BC8-019E-475F-BC5C-8E3230309996}.Debug|Any CPU.ActiveCfg = Debug|Any CPU
		{AEC60BC8-019E-475F-BC5C-8E3230309996}.Debug|Any CPU.Build.0 = Debug|Any CPU
		{AEC60BC8-019E-475F-BC5C-8E3230309996}.Release|Any CPU.ActiveCfg = Release|Any CPU
		{AEC60BC8-019E-475F-BC5C-8E3230309996}.Release|Any CPU.Build.0 = Release|Any CPU
	EndGlobalSection
	GlobalSection(SolutionProperties) = preSolution
		HideSolutionNode = FALSE
	EndGlobalSection
	GlobalSection(ExtensibilityGlobals) = postSolution
		SolutionGuid = {5796C20B-A969-49D0-A673-B1CD1CC61A82}
	EndGlobalSection
EndGlobal
