
Microsoft Visual Studio Solution File, Format Version 12.00
# Visual Studio Version 17
VisualStudioVersion = 17.7.34221.43
MinimumVisualStudioVersion = 10.0.40219.1
Project("{FAE04EC0-301F-11D3-BF4B-00C04F79EFBC}") = "Atelier4", "Atelier4.csproj", "{D96B0F6C-95B9-415A-A35A-2E7A4FE0E273}"
EndProject
Global
	GlobalSection(SolutionConfigurationPlatforms) = preSolution
		Debug|Any CPU = Debug|Any CPU
		Release|Any CPU = Release|Any CPU
	EndGlobalSection
	GlobalSection(ProjectConfigurationPlatforms) = postSolution
		{D96B0F6C-95B9-415A-A35A-2E7A4FE0E273}.Debug|Any CPU.ActiveCfg = Debug|Any CPU
		{D96B0F6C-95B9-415A-A35A-2E7A4FE0E273}.Debug|Any CPU.Build.0 = Debug|Any CPU
		{D96B0F6C-95B9-415A-A35A-2E7A4FE0E273}.Release|Any CPU.ActiveCfg = Release|Any CPU
		{D96B0F6C-95B9-415A-A35A-2E7A4FE0E273}.Release|Any CPU.Build.0 = Release|Any CPU
	EndGlobalSection
	GlobalSection(SolutionProperties) = preSolution
		HideSolutionNode = FALSE
	EndGlobalSection
	GlobalSection(ExtensibilityGlobals) = postSolution
		SolutionGuid = {063894DE-6138-4B5F-BA1B-0653A625B712}
	EndGlobalSection
EndGlobal
