
Microsoft Visual Studio Solution File, Format Version 12.00
# Visual Studio Version 17
VisualStudioVersion = 17.7.34221.43
MinimumVisualStudioVersion = 10.0.40219.1
Project("{FAE04EC0-301F-11D3-BF4B-00C04F79EFBC}") = "Exercice3TP1", "Exercice3TP1.csproj", "{5970E445-28D5-40E2-B8F1-CFED78988476}"
EndProject
Global
	GlobalSection(SolutionConfigurationPlatforms) = preSolution
		Debug|Any CPU = Debug|Any CPU
		Release|Any CPU = Release|Any CPU
	EndGlobalSection
	GlobalSection(ProjectConfigurationPlatforms) = postSolution
		{5970E445-28D5-40E2-B8F1-CFED78988476}.Debug|Any CPU.ActiveCfg = Debug|Any CPU
		{5970E445-28D5-40E2-B8F1-CFED78988476}.Debug|Any CPU.Build.0 = Debug|Any CPU
		{5970E445-28D5-40E2-B8F1-CFED78988476}.Release|Any CPU.ActiveCfg = Release|Any CPU
		{5970E445-28D5-40E2-B8F1-CFED78988476}.Release|Any CPU.Build.0 = Release|Any CPU
	EndGlobalSection
	GlobalSection(SolutionProperties) = preSolution
		HideSolutionNode = FALSE
	EndGlobalSection
	GlobalSection(ExtensibilityGlobals) = postSolution
		SolutionGuid = {712A060B-A71A-4C4E-9F91-EE4220D1281A}
	EndGlobalSection
EndGlobal
